{
  "nodes": {
    "nixpkgs": {
      "locked": {
        "lastModified": 1781026263,
        "narHash": "sha256-+ibRAkn6y757K6HeQHWP+bspOPsVTgsWVXZNb7Mryh8=",
        "owner": "NixOS",
        "repo": "nixpkgs",
        "rev": "f117b4b2ccc1a70c1baff725cbc7064e24c17eda",
        "type": "github"
      },
      "original": {
        "owner": "NixOS",
        "ref": "nixos-unstable-small",
        "repo": "nixpkgs",
        "type": "github"
      }
    },
    "root": {
      "inputs": {
        "nixpkgs": "nixpkgs",
        "systems": "systems"
      }
    },
    "systems": {
      "flake": false,
      "locked": {
        "lastModified": 1689347949,
        "narHash": "sha256-12tWmuL2zgBgZkdoB6qXZsgJEH9LR3oUgpaQq2RbI80=",
        "owner": "nix-systems",
        "repo": "default-linux",
        "rev": "31732fcf5e8fea42e59c2488ad31a0e651500f68",
        "type": "github"
      },
      "original": {
        "owner": "nix-systems",
        "repo": "default-linux",
        "type": "github"
      }
    }
  },
  "root": "root",
  "version": 7
}
